
Microsoft Visual Studio Solution File, Format Version 12.00
# Visual Studio Version 16
VisualStudioVersion = 16.0.30011.22
MinimumVisualStudioVersion = 10.0.40219.1
Project("{FAE04EC0-301F-11D3-BF4B-00C04F79EFBC}") = "Exo 01 - CSharp", "Exo01\Exo 01 - CSharp.csproj", "{FAFB520C-2B36-420B-A7C2-94A5C3BB6EFA}"
EndProject
Project("{FAE04EC0-301F-11D3-BF4B-00C04F79EFBC}") = "Exo 02 - CSharp", "Exo2\Exo 02 - CSharp.csproj", "{1F081A75-BF0C-41B7-A2D6-B570888DFA53}"
EndProject
Project("{778DAE3C-4631-46EA-AA77-85C1314464D9}") = "Exo 01 - VB", "Exo 01 - VB\Exo 01 - VB.vbproj", "{E61B286E-A829-428E-8D6B-17658B8002BB}"
EndProject
Project("{778DAE3C-4631-46EA-AA77-85C1314464D9}") = "Exo 02 - VB", "Exo 02 - VB\Exo 02 - VB.vbproj", "{A52F316D-27D5-4831-9E69-ADEFD2C9438F}"
EndProject
Project("{FAE04EC0-301F-11D3-BF4B-00C04F79EFBC}") = "Exo 03 - CSharp", "Exo 03 - CSharp\Exo 03 - CSharp.csproj", "{3C99F99B-75B2-46FD-8305-74AB849C65E6}"
EndProject
Project("{F184B08F-C81C-45F6-A57F-5ABD9991F28F}") = "Exo 03 - VB", "Exo 03 - VB\Exo 03 - VB.vbproj", "{F49105D2-E73B-41EB-B2C1-60388CAD664A}"
EndProject
Project("{F184B08F-C81C-45F6-A57F-5ABD9991F28F}") = "Exo 04 - VB", "Exo 04 - VB\Exo 04 - VB.vbproj", "{3F176B7E-1BB2-49E7-B712-52769435F3BB}"
EndProject
Project("{FAE04EC0-301F-11D3-BF4B-00C04F79EFBC}") = "Exo 04 - CSharp", "Exo 04 - CSharp\Exo 04 - CSharp.csproj", "{60D021CF-562B-445B-BA57-FD76D388F458}"
EndProject
Project("{F184B08F-C81C-45F6-A57F-5ABD9991F28F}") = "Exo 05 - VB", "Exo 05 - VB\Exo 05 - VB.vbproj", "{243B8C05-22F5-4616-8F42-9732CA877532}"
EndProject
Project("{FAE04EC0-301F-11D3-BF4B-00C04F79EFBC}") = "Exo 05 - CSharp", "Exo 05 - CSharp\Exo 05 - CSharp.csproj", "{13DE210D-63E4-4F6E-B684-E906556FB7FC}"
EndProject
Project("{F184B08F-C81C-45F6-A57F-5ABD9991F28F}") = "Exo 06 - VB", "Exo 06 - VB\Exo 06 - VB.vbproj", "{EBBDAF1A-ADB1-4E69-BF9F-5AD29400B29E}"
EndProject
Project("{FAE04EC0-301F-11D3-BF4B-00C04F79EFBC}") = "Exo 06 - CSharp", "Exo 06 - CSharp\Exo 06 - CSharp.csproj", "{914B5996-2C6F-4B1E-9E66-07C66AAB0CA8}"
EndProject
Project("{F184B08F-C81C-45F6-A57F-5ABD9991F28F}") = "Exo 07 - VB", "Exo 07 - VB\Exo 07 - VB.vbproj", "{6041077A-6CD6-4F1D-9DEC-D4F43A477480}"
EndProject
Project("{FAE04EC0-301F-11D3-BF4B-00C04F79EFBC}") = "Exo 07 - CSharp", "Exo 07 - CSharp\Exo 07 - CSharp.csproj", "{D6FD7DF3-2A8E-4ED3-A38E-193003DB8F2A}"
EndProject
Project("{F184B08F-C81C-45F6-A57F-5ABD9991F28F}") = "Exo 08 - VB", "Exo 08 - VB\Exo 08 - VB.vbproj", "{EE2249B2-0EBE-459A-97DF-0240EA8C363F}"
EndProject
Project("{FAE04EC0-301F-11D3-BF4B-00C04F79EFBC}") = "Exo 08 - CSharp", "Exo 08 - CSharp\Exo 08 - CSharp.csproj", "{56913CAA-F717-406C-9C0D-FDB5099FFB5D}"
EndProject
Global
	GlobalSection(SolutionConfigurationPlatforms) = preSolution
		Debug|Any CPU = Debug|Any CPU
		Release|Any CPU = Release|Any CPU
	EndGlobalSection
	GlobalSection(ProjectConfigurationPlatforms) = postSolution
		{FAFB520C-2B36-420B-A7C2-94A5C3BB6EFA}.Debug|Any CPU.ActiveCfg = Debug|Any CPU
		{FAFB520C-2B36-420B-A7C2-94A5C3BB6EFA}.Debug|Any CPU.Build.0 = Debug|Any CPU
		{FAFB520C-2B36-420B-A7C2-94A5C3BB6EFA}.Release|Any CPU.ActiveCfg = Release|Any CPU
		{FAFB520C-2B36-420B-A7C2-94A5C3BB6EFA}.Release|Any CPU.Build.0 = Release|Any CPU
		{1F081A75-BF0C-41B7-A2D6-B570888DFA53}.Debug|Any CPU.ActiveCfg = Debug|Any CPU
		{1F081A75-BF0C-41B7-A2D6-B570888DFA53}.Debug|Any CPU.Build.0 = Debug|Any CPU
		{1F081A75-BF0C-41B7-A2D6-B570888DFA53}.Release|Any CPU.ActiveCfg = Release|Any CPU
		{1F081A75-BF0C-41B7-A2D6-B570888DFA53}.Release|Any CPU.Build.0 = Release|Any CPU
		{E61B286E-A829-428E-8D6B-17658B8002BB}.Debug|Any CPU.ActiveCfg = Debug|Any CPU
		{E61B286E-A829-428E-8D6B-17658B8002BB}.Debug|Any CPU.Build.0 = Debug|Any CPU
		{E61B286E-A829-428E-8D6B-17658B8002BB}.Release|Any CPU.ActiveCfg = Release|Any CPU
		{E61B286E-A829-428E-8D6B-17658B8002BB}.Release|Any CPU.Build.0 = Release|Any CPU
		{A52F316D-27D5-4831-9E69-ADEFD2C9438F}.Debug|Any CPU.ActiveCfg = Debug|Any CPU
		{A52F316D-27D5-4831-9E69-ADEFD2C9438F}.Debug|Any CPU.Build.0 = Debug|Any CPU
		{A52F316D-27D5-4831-9E69-ADEFD2C9438F}.Release|Any CPU.ActiveCfg = Release|Any CPU
		{A52F316D-27D5-4831-9E69-ADEFD2C9438F}.Release|Any CPU.Build.0 = Release|Any CPU
		{3C99F99B-75B2-46FD-8305-74AB849C65E6}.Debug|Any CPU.ActiveCfg = Debug|Any CPU
		{3C99F99B-75B2-46FD-8305-74AB849C65E6}.Debug|Any CPU.Build.0 = Debug|Any CPU
		{3C99F99B-75B2-46FD-8305-74AB849C65E6}.Release|Any CPU.ActiveCfg = Release|Any CPU
		{3C99F99B-75B2-46FD-8305-74AB849C65E6}.Release|Any CPU.Build.0 = Release|Any CPU
		{F49105D2-E73B-41EB-B2C1-60388CAD664A}.Debug|Any CPU.ActiveCfg = Debug|Any CPU
		{F49105D2-E73B-41EB-B2C1-60388CAD664A}.Debug|Any CPU.Build.0 = Debug|Any CPU
		{F49105D2-E73B-41EB-B2C1-60388CAD664A}.Release|Any CPU.ActiveCfg = Release|Any CPU
		{F49105D2-E73B-41EB-B2C1-60388CAD664A}.Release|Any CPU.Build.0 = Release|Any CPU
		{3F176B7E-1BB2-49E7-B712-52769435F3BB}.Debug|Any CPU.ActiveCfg = Debug|Any CPU
		{3F176B7E-1BB2-49E7-B712-52769435F3BB}.Debug|Any CPU.Build.0 = Debug|Any CPU
		{3F176B7E-1BB2-49E7-B712-52769435F3BB}.Release|Any CPU.ActiveCfg = Release|Any CPU
		{3F176B7E-1BB2-49E7-B712-52769435F3BB}.Release|Any CPU.Build.0 = Release|Any CPU
		{60D021CF-562B-445B-BA57-FD76D388F458}.Debug|Any CPU.ActiveCfg = Debug|Any CPU
		{60D021CF-562B-445B-BA57-FD76D388F458}.Debug|Any CPU.Build.0 = Debug|Any CPU
		{60D021CF-562B-445B-BA57-FD76D388F458}.Release|Any CPU.ActiveCfg = Release|Any CPU
		{60D021CF-562B-445B-BA57-FD76D388F458}.Release|Any CPU.Build.0 = Release|Any CPU
		{243B8C05-22F5-4616-8F42-9732CA877532}.Debug|Any CPU.ActiveCfg = Debug|Any CPU
		{243B8C05-22F5-4616-8F42-9732CA877532}.Debug|Any CPU.Build.0 = Debug|Any CPU
		{243B8C05-22F5-4616-8F42-9732CA877532}.Release|Any CPU.ActiveCfg = Release|Any CPU
		{243B8C05-22F5-4616-8F42-9732CA877532}.Release|Any CPU.Build.0 = Release|Any CPU
		{13DE210D-63E4-4F6E-B684-E906556FB7FC}.Debug|Any CPU.ActiveCfg = Debug|Any CPU
		{13DE210D-63E4-4F6E-B684-E906556FB7FC}.Debug|Any CPU.Build.0 = Debug|Any CPU
		{13DE210D-63E4-4F6E-B684-E906556FB7FC}.Release|Any CPU.ActiveCfg = Release|Any CPU
		{13DE210D-63E4-4F6E-B684-E906556FB7FC}.Release|Any CPU.Build.0 = Release|Any CPU
		{EBBDAF1A-ADB1-4E69-BF9F-5AD29400B29E}.Debug|Any CPU.ActiveCfg = Debug|Any CPU
		{EBBDAF1A-ADB1-4E69-BF9F-5AD29400B29E}.Debug|Any CPU.Build.0 = Debug|Any CPU
		{EBBDAF1A-ADB1-4E69-BF9F-5AD29400B29E}.Release|Any CPU.ActiveCfg = Release|Any CPU
		{EBBDAF1A-ADB1-4E69-BF9F-5AD29400B29E}.Release|Any CPU.Build.0 = Release|Any CPU
		{914B5996-2C6F-4B1E-9E66-07C66AAB0CA8}.Debug|Any CPU.ActiveCfg = Debug|Any CPU
		{914B5996-2C6F-4B1E-9E66-07C66AAB0CA8}.Debug|Any CPU.Build.0 = Debug|Any CPU
		{914B5996-2C6F-4B1E-9E66-07C66AAB0CA8}.Release|Any CPU.ActiveCfg = Release|Any CPU
		{914B5996-2C6F-4B1E-9E66-07C66AAB0CA8}.Release|Any CPU.Build.0 = Release|Any CPU
		{6041077A-6CD6-4F1D-9DEC-D4F43A477480}.Debug|Any CPU.ActiveCfg = Debug|Any CPU
		{6041077A-6CD6-4F1D-9DEC-D4F43A477480}.Debug|Any CPU.Build.0 = Debug|Any CPU
		{6041077A-6CD6-4F1D-9DEC-D4F43A477480}.Release|Any CPU.ActiveCfg = Release|Any CPU
		{6041077A-6CD6-4F1D-9DEC-D4F43A477480}.Release|Any CPU.Build.0 = Release|Any CPU
		{D6FD7DF3-2A8E-4ED3-A38E-193003DB8F2A}.Debug|Any CPU.ActiveCfg = Debug|Any CPU
		{D6FD7DF3-2A8E-4ED3-A38E-193003DB8F2A}.Debug|Any CPU.Build.0 = Debug|Any CPU
		{D6FD7DF3-2A8E-4ED3-A38E-193003DB8F2A}.Release|Any CPU.ActiveCfg = Release|Any CPU
		{D6FD7DF3-2A8E-4ED3-A38E-193003DB8F2A}.Release|Any CPU.Build.0 = Release|Any CPU
		{EE2249B2-0EBE-459A-97DF-0240EA8C363F}.Debug|Any CPU.ActiveCfg = Debug|Any CPU
		{EE2249B2-0EBE-459A-97DF-0240EA8C363F}.Debug|Any CPU.Build.0 = Debug|Any CPU
		{EE2249B2-0EBE-459A-97DF-0240EA8C363F}.Release|Any CPU.ActiveCfg = Release|Any CPU
		{EE2249B2-0EBE-459A-97DF-0240EA8C363F}.Release|Any CPU.Build.0 = Release|Any CPU
		{56913CAA-F717-406C-9C0D-FDB5099FFB5D}.Debug|Any CPU.ActiveCfg = Debug|Any CPU
		{56913CAA-F717-406C-9C0D-FDB5099FFB5D}.Debug|Any CPU.Build.0 = Debug|Any CPU
		{56913CAA-F717-406C-9C0D-FDB5099FFB5D}.Release|Any CPU.ActiveCfg = Release|Any CPU
		{56913CAA-F717-406C-9C0D-FDB5099FFB5D}.Release|Any CPU.Build.0 = Release|Any CPU
	EndGlobalSection
	GlobalSection(SolutionProperties) = preSolution
		HideSolutionNode = FALSE
	EndGlobalSection
	GlobalSection(ExtensibilityGlobals) = postSolution
		SolutionGuid = {A58245C3-DA17-4D8F-85F9-A896D187FFB3}
	EndGlobalSection
EndGlobal
